
Microsoft Visual Studio Solution File, Format Version 12.00
# Visual Studio Version 17
VisualStudioVersion = 17.4.33205.214
MinimumVisualStudioVersion = 10.0.40219.1
Project("{888888A0-9F3D-457C-B088-3A5042F75D52}") = "Vitalii Sokhan - 2", "Vitalii Sokhan - 2.pyproj", "{55BE24E3-F9F4-4FF7-A011-9ED5AC76DC3E}"
EndProject
Global
	GlobalSection(SolutionConfigurationPlatforms) = preSolution
		Debug|Any CPU = Debug|Any CPU
		Release|Any CPU = Release|Any CPU
	EndGlobalSection
	GlobalSection(ProjectConfigurationPlatforms) = postSolution
		{55BE24E3-F9F4-4FF7-A011-9ED5AC76DC3E}.Debug|Any CPU.ActiveCfg = Debug|Any CPU
		{55BE24E3-F9F4-4FF7-A011-9ED5AC76DC3E}.Release|Any CPU.ActiveCfg = Release|Any CPU
	EndGlobalSection
	GlobalSection(SolutionProperties) = preSolution
		HideSolutionNode = FALSE
	EndGlobalSection
	GlobalSection(ExtensibilityGlobals) = postSolution
		SolutionGuid = {C0BEC798-8D68-4C08-83E7-E0ACB3DCC63C}
	EndGlobalSection
EndGlobal
